
Microsoft Visual Studio Solution File, Format Version 12.00
# Visual Studio Version 17
VisualStudioVersion = 17.10.35122.118
MinimumVisualStudioVersion = 10.0.40219.1
Project("{9A19103F-16F7-4668-BE54-9A1E7A4F7556}") = "TierArchitectureTemplate.API", "TierArchitectureTemplate\TierArchitectureTemplate.API.csproj", "{07C70978-99E4-478A-8182-23FE63E152E2}"
EndProject
Project("{2150E333-8FDC-42A3-9474-1A3956D46DE8}") = "TierArchitectureTemplate.BusinessLayer", "TierArchitectureTemplate.BusinessLayer", "{ACCD6113-0ED2-436C-B782-9F8F97A62383}"
EndProject
Project("{2150E333-8FDC-42A3-9474-1A3956D46DE8}") = "TierArchitectureTemplate.DataAccessLayer", "TierArchitectureTemplate.DataAccessLayer", "{5216ACD1-DFFB-44A6-B64C-CE4969257A14}"
EndProject
Project("{9A19103F-16F7-4668-BE54-9A1E7A4F7556}") = "BusinessLayer.Logic", "TierArchitectureTemplate.BusinessLayer\BusinessLayer.Logic.csproj", "{BF1B8C72-AD44-436E-9D40-8FAF0C697179}"
EndProject
Project("{9A19103F-16F7-4668-BE54-9A1E7A4F7556}") = "BusinessLayer.Models", "BusinessLayer.Models\BusinessLayer.Models.csproj", "{E6369D0D-FAE7-4DDD-A7BB-6FF5A0386A7B}"
EndProject
Project("{2150E333-8FDC-42A3-9474-1A3956D46DE8}") = "Logic", "Logic", "{E74BDF98-9456-462E-BFF7-3703F4A4EAFD}"
EndProject
Project("{2150E333-8FDC-42A3-9474-1A3956D46DE8}") = "Models", "Models", "{2A835AE3-4756-4C1F-93FD-6A87B5DC1E1B}"
EndProject
Project("{9A19103F-16F7-4668-BE54-9A1E7A4F7556}") = "BusinessLayer.Logic.Tests", "BusinessLayer.Logic.Tests\BusinessLayer.Logic.Tests.csproj", "{3FF410CA-0DAE-43C7-8BCF-B0175D294495}"
EndProject
Global
	GlobalSection(SolutionConfigurationPlatforms) = preSolution
		Debug|Any CPU = Debug|Any CPU
		Release|Any CPU = Release|Any CPU
	EndGlobalSection
	GlobalSection(ProjectConfigurationPlatforms) = postSolution
		{07C70978-99E4-478A-8182-23FE63E152E2}.Debug|Any CPU.ActiveCfg = Debug|Any CPU
		{07C70978-99E4-478A-8182-23FE63E152E2}.Debug|Any CPU.Build.0 = Debug|Any CPU
		{07C70978-99E4-478A-8182-23FE63E152E2}.Release|Any CPU.ActiveCfg = Release|Any CPU
		{07C70978-99E4-478A-8182-23FE63E152E2}.Release|Any CPU.Build.0 = Release|Any CPU
		{BF1B8C72-AD44-436E-9D40-8FAF0C697179}.Debug|Any CPU.ActiveCfg = Debug|Any CPU
		{BF1B8C72-AD44-436E-9D40-8FAF0C697179}.Debug|Any CPU.Build.0 = Debug|Any CPU
		{BF1B8C72-AD44-436E-9D40-8FAF0C697179}.Release|Any CPU.ActiveCfg = Release|Any CPU
		{BF1B8C72-AD44-436E-9D40-8FAF0C697179}.Release|Any CPU.Build.0 = Release|Any CPU
		{E6369D0D-FAE7-4DDD-A7BB-6FF5A0386A7B}.Debug|Any CPU.ActiveCfg = Debug|Any CPU
		{E6369D0D-FAE7-4DDD-A7BB-6FF5A0386A7B}.Debug|Any CPU.Build.0 = Debug|Any CPU
		{E6369D0D-FAE7-4DDD-A7BB-6FF5A0386A7B}.Release|Any CPU.ActiveCfg = Release|Any CPU
		{E6369D0D-FAE7-4DDD-A7BB-6FF5A0386A7B}.Release|Any CPU.Build.0 = Release|Any CPU
		{3FF410CA-0DAE-43C7-8BCF-B0175D294495}.Debug|Any CPU.ActiveCfg = Debug|Any CPU
		{3FF410CA-0DAE-43C7-8BCF-B0175D294495}.Debug|Any CPU.Build.0 = Debug|Any CPU
		{3FF410CA-0DAE-43C7-8BCF-B0175D294495}.Release|Any CPU.ActiveCfg = Release|Any CPU
		{3FF410CA-0DAE-43C7-8BCF-B0175D294495}.Release|Any CPU.Build.0 = Release|Any CPU
	EndGlobalSection
	GlobalSection(SolutionProperties) = preSolution
		HideSolutionNode = FALSE
	EndGlobalSection
	GlobalSection(NestedProjects) = preSolution
		{BF1B8C72-AD44-436E-9D40-8FAF0C697179} = {E74BDF98-9456-462E-BFF7-3703F4A4EAFD}
		{E6369D0D-FAE7-4DDD-A7BB-6FF5A0386A7B} = {2A835AE3-4756-4C1F-93FD-6A87B5DC1E1B}
		{E74BDF98-9456-462E-BFF7-3703F4A4EAFD} = {ACCD6113-0ED2-436C-B782-9F8F97A62383}
		{2A835AE3-4756-4C1F-93FD-6A87B5DC1E1B} = {ACCD6113-0ED2-436C-B782-9F8F97A62383}
		{3FF410CA-0DAE-43C7-8BCF-B0175D294495} = {E74BDF98-9456-462E-BFF7-3703F4A4EAFD}
	EndGlobalSection
	GlobalSection(ExtensibilityGlobals) = postSolution
		SolutionGuid = {C855C03C-2C4F-4DF7-9DAB-389F4AE0662B}
	EndGlobalSection
EndGlobal
